
Microsoft Visual Studio Solution File, Format Version 12.00
# Visual Studio 2012
Project("{8BC9CEB8-8B4A-11D0-8D11-00A0C91BC942}") = "CS204_W13", "CS204_W13\CS204_W13.vcxproj", "{DAAFE010-677E-459E-9A15-55C97897503E}"
EndProject
Global
	GlobalSection(SolutionConfigurationPlatforms) = preSolution
		Debug|Win32 = Debug|Win32
		Release|Win32 = Release|Win32
	EndGlobalSection
	GlobalSection(ProjectConfigurationPlatforms) = postSolution
		{DAAFE010-677E-459E-9A15-55C97897503E}.Debug|Win32.ActiveCfg = Debug|Win32
		{DAAFE010-677E-459E-9A15-55C97897503E}.Debug|Win32.Build.0 = Debug|Win32
		{DAAFE010-677E-459E-9A15-55C97897503E}.Release|Win32.ActiveCfg = Release|Win32
		{DAAFE010-677E-459E-9A15-55C97897503E}.Release|Win32.Build.0 = Release|Win32
	EndGlobalSection
	GlobalSection(SolutionProperties) = preSolution
		HideSolutionNode = FALSE
	EndGlobalSection
EndGlobal
