
Microsoft Visual Studio Solution File, Format Version 12.00
# Visual Studio 2012
Project("{8BC9CEB8-8B4A-11D0-8D11-00A0C91BC942}") = "CS204_W8", "CS204_W8\CS204_W8.vcxproj", "{164BDE23-24FF-4A61-B52C-65F0E1D015B5}"
EndProject
Global
	GlobalSection(SolutionConfigurationPlatforms) = preSolution
		Debug|Win32 = Debug|Win32
		Release|Win32 = Release|Win32
	EndGlobalSection
	GlobalSection(ProjectConfigurationPlatforms) = postSolution
		{164BDE23-24FF-4A61-B52C-65F0E1D015B5}.Debug|Win32.ActiveCfg = Debug|Win32
		{164BDE23-24FF-4A61-B52C-65F0E1D015B5}.Debug|Win32.Build.0 = Debug|Win32
		{164BDE23-24FF-4A61-B52C-65F0E1D015B5}.Release|Win32.ActiveCfg = Release|Win32
		{164BDE23-24FF-4A61-B52C-65F0E1D015B5}.Release|Win32.Build.0 = Release|Win32
	EndGlobalSection
	GlobalSection(SolutionProperties) = preSolution
		HideSolutionNode = FALSE
	EndGlobalSection
EndGlobal
