
Microsoft Visual Studio Solution File, Format Version 12.00
# Visual Studio 2012
Project("{8BC9CEB8-8B4A-11D0-8D11-00A0C91BC942}") = "CS204_W5", "CS204_W5\CS204_W5.vcxproj", "{E1F28342-677D-43A9-B75F-48A24C4C76B8}"
EndProject
Global
	GlobalSection(SolutionConfigurationPlatforms) = preSolution
		Debug|Win32 = Debug|Win32
		Release|Win32 = Release|Win32
	EndGlobalSection
	GlobalSection(ProjectConfigurationPlatforms) = postSolution
		{E1F28342-677D-43A9-B75F-48A24C4C76B8}.Debug|Win32.ActiveCfg = Debug|Win32
		{E1F28342-677D-43A9-B75F-48A24C4C76B8}.Debug|Win32.Build.0 = Debug|Win32
		{E1F28342-677D-43A9-B75F-48A24C4C76B8}.Release|Win32.ActiveCfg = Release|Win32
		{E1F28342-677D-43A9-B75F-48A24C4C76B8}.Release|Win32.Build.0 = Release|Win32
	EndGlobalSection
	GlobalSection(SolutionProperties) = preSolution
		HideSolutionNode = FALSE
	EndGlobalSection
EndGlobal
